// !$*UTF8*$!
{
	archiveVersion = 1;
	classes = {
	};
	objectVersion = 46;
	objects = {

/* Begin PBXBuildFile section */
		0E0B51DD1975C13900046C0D /* Foundation.framework in Frameworks */ = {isa = PBXBuildFile; fileRef = 0E0B51DC1975C13900046C0D /* Foundation.framework */; };
		0E0B51DF1975C13900046C0D /* CoreGraphics.framework in Frameworks */ = {isa = PBXBuildFile; fileRef = 0E0B51DE1975C13900046C0D /* CoreGraphics.framework */; };
		0E0B51E11975C13900046C0D /* UIKit.framework in Frameworks */ = {isa = PBXBuildFile; fileRef = 0E0B51E01975C13900046C0D /* UIKit.framework */; };
		0E0B51E71975C13900046C0D /* InfoPlist.strings in Resources */ = {isa = PBXBuildFile; fileRef = 0E0B51E51975C13900046C0D /* InfoPlist.strings */; };
		0E0B51E91975C13900046C0D /* main.m in Sources */ = {isa = PBXBuildFile; fileRef = 0E0B51E81975C13900046C0D /* main.m */; };
		0E0B51ED1975C13900046C0D /* trial_sixAppDelegate.m in Sources */ = {isa = PBXBuildFile; fileRef = 0E0B51EC1975C13900046C0D /* trial_sixAppDelegate.m */; };
		0E0B51EF1975C13900046C0D /* Images.xcassets in Resources */ = {isa = PBXBuildFile; fileRef = 0E0B51EE1975C13900046C0D /* Images.xcassets */; };
		0E0B51F61975C13900046C0D /* XCTest.framework in Frameworks */ = {isa = PBXBuildFile; fileRef = 0E0B51F51975C13900046C0D /* XCTest.framework */; };
		0E0B51F71975C13900046C0D /* Foundation.framework in Frameworks */ = {isa = PBXBuildFile; fileRef = 0E0B51DC1975C13900046C0D /* Foundation.framework */; };
		0E0B51F81975C13900046C0D /* UIKit.framework in Frameworks */ = {isa = PBXBuildFile; fileRef = 0E0B51E01975C13900046C0D /* UIKit.framework */; };
		0E0B52001975C13900046C0D /* InfoPlist.strings in Resources */ = {isa = PBXBuildFile; fileRef = 0E0B51FE1975C13900046C0D /* InfoPlist.strings */; };
		0E0B52021975C13900046C0D /* trial_sixTests.m in Sources */ = {isa = PBXBuildFile; fileRef = 0E0B52011975C13900046C0D /* trial_sixTests.m */; };
/* End PBXBuildFile section */

/* Begin PBXContainerItemProxy section */
		0E0B51F91975C13900046C0D /* PBXContainerItemProxy */ = {
			isa = PBXContainerItemProxy;
			containerPortal = 0E0B51D11975C13900046C0D /* Project object */;
			proxyType = 1;
			remoteGlobalIDString = 0E0B51D81975C13900046C0D;
			remoteInfo = trial_six;
		};
/* End PBXContainerItemProxy section */

/* Begin PBXFileReference section */
		0E0B51D91975C13900046C0D /* trial_six.app */ = {isa = PBXFileReference; explicitFileType = wrapper.application; includeInIndex = 0; path = trial_six.app; sourceTree = BUILT_PRODUCTS_DIR; };
		0E0B51DC1975C13900046C0D /* Foundation.framework */ = {isa = PBXFileReference; lastKnownFileType = wrapper.framework; name = Foundation.framework; path = System/Library/Frameworks/Foundation.framework; sourceTree = SDKROOT; };
		0E0B51DE1975C13900046C0D /* CoreGraphics.framework */ = {isa = PBXFileReference; lastKnownFileType = wrapper.framework; name = CoreGraphics.framework; path = System/Library/Frameworks/CoreGraphics.framework; sourceTree = SDKROOT; };
		0E0B51E01975C13900046C0D /* UIKit.framework */ = {isa = PBXFileReference; lastKnownFileType = wrapper.framework; name = UIKit.framework; path = System/Library/Frameworks/UIKit.framework; sourceTree = SDKROOT; };
		0E0B51E41975C13900046C0D /* trial_six-Info.plist */ = {isa = PBXFileReference; lastKnownFileType = text.plist.xml; path = "trial_six-Info.plist"; sourceTree = "<group>"; };
		0E0B51E61975C13900046C0D /* en */ = {isa = PBXFileReference; lastKnownFileType = text.plist.strings; name = en; path = en.lproj/InfoPlist.strings; sourceTree = "<group>"; };
		0E0B51E81975C13900046C0D /* main.m */ = {isa = PBXFileReference; lastKnownFileType = sourcecode.c.objc; path = main.m; sourceTree = "<group>"; };
		0E0B51EA1975C13900046C0D /* trial_six-Prefix.pch */ = {isa = PBXFileReference; lastKnownFileType = sourcecode.c.h; path = "trial_six-Prefix.pch"; sourceTree = "<group>"; };
		0E0B51EB1975C13900046C0D /* trial_sixAppDelegate.h */ = {isa = PBXFileReference; lastKnownFileType = sourcecode.c.h; path = trial_sixAppDelegate.h; sourceTree = "<group>"; };
		0E0B51EC1975C13900046C0D /* trial_sixAppDelegate.m */ = {isa = PBXFileReference; lastKnownFileType = sourcecode.c.objc; path = trial_sixAppDelegate.m; sourceTree = "<group>"; };
		0E0B51EE1975C13900046C0D /* Images.xcassets */ = {isa = PBXFileReference; lastKnownFileType = folder.assetcatalog; path = Images.xcassets; sourceTree = "<group>"; };
		0E0B51F41975C13900046C0D /* trial_sixTests.xctest */ = {isa = PBXFileReference; explicitFileType = wrapper.cfbundle; includeInIndex = 0; path = trial_sixTests.xctest; sourceTree = BUILT_PRODUCTS_DIR; };
		0E0B51F51975C13900046C0D /* XCTest.framework */ = {isa = PBXFileReference; lastKnownFileType = wrapper.framework; name = XCTest.framework; path = Library/Frameworks/XCTest.framework; sourceTree = DEVELOPER_DIR; };
		0E0B51FD1975C13900046C0D /* trial_sixTests-Info.plist */ = {isa = PBXFileReference; lastKnownFileType = text.plist.xml; path = "trial_sixTests-Info.plist"; sourceTree = "<group>"; };
		0E0B51FF1975C13900046C0D /* en */ = {isa = PBXFileReference; lastKnownFileType = text.plist.strings; name = en; path = en.lproj/InfoPlist.strings; sourceTree = "<group>"; };
		0E0B52011975C13900046C0D /* trial_sixTests.m */ = {isa = PBXFileReference; lastKnownFileType = sourcecode.c.objc; path = trial_sixTests.m; sourceTree = "<group>"; };
/* End PBXFileReference section */

/* Begin PBXFrameworksBuildPhase section */
		0E0B51D61975C13900046C0D /* Frameworks */ = {
			isa = PBXFrameworksBuildPhase;
			buildActionMask = 2147483647;
			files = (
				0E0B51DF1975C13900046C0D /* CoreGraphics.framework in Frameworks */,
				0E0B51E11975C13900046C0D /* UIKit.framework in Frameworks */,
				0E0B51DD1975C13900046C0D /* Foundation.framework in Frameworks */,
			);
			runOnlyForDeploymentPostprocessing = 0;
		};
		0E0B51F11975C13900046C0D /* Frameworks */ = {
			isa = PBXFrameworksBuildPhase;
			buildActionMask = 2147483647;
			files = (
				0E0B51F61975C13900046C0D /* XCTest.framework in Frameworks */,
				0E0B51F81975C13900046C0D /* UIKit.framework in Frameworks */,
				0E0B51F71975C13900046C0D /* Foundation.framework in Frameworks */,
			);
			runOnlyForDeploymentPostprocessing = 0;
		};
/* End PBXFrameworksBuildPhase section */

/* Begin PBXGroup section */
		0E0B51D01975C13900046C0D = {
			isa = PBXGroup;
			children = (
				0E0B51E21975C13900046C0D /* trial_six */,
				0E0B51FB1975C13900046C0D /* trial_sixTests */,
				0E0B51DB1975C13900046C0D /* Frameworks */,
				0E0B51DA1975C13900046C0D /* Products */,
			);
			sourceTree = "<group>";
		};
		0E0B51DA1975C13900046C0D /* Products */ = {
			isa = PBXGroup;
			children = (
				0E0B51D91975C13900046C0D /* trial_six.app */,
				0E0B51F41975C13900046C0D /* trial_sixTests.xctest */,
			);
			name = Products;
			sourceTree = "<group>";
		};
		0E0B51DB1975C13900046C0D /* Frameworks */ = {
			isa = PBXGroup;
			children = (
				0E0B51DC1975C13900046C0D /* Foundation.framework */,
				0E0B51DE1975C13900046C0D /* CoreGraphics.framework */,
				0E0B51E01975C13900046C0D /* UIKit.framework */,
				0E0B51F51975C13900046C0D /* XCTest.framework */,
			);
			name = Frameworks;
			sourceTree = "<group>";
		};
		0E0B51E21975C13900046C0D /* trial_six */ = {
			isa = PBXGroup;
			children = (
				0E0B51EB1975C13900046C0D /* trial_sixAppDelegate.h */,
				0E0B51EC1975C13900046C0D /* trial_sixAppDelegate.m */,
				0E0B51EE1975C13900046C0D /* Images.xcassets */,
				0E0B51E31975C13900046C0D /* Supporting Files */,
			);
			path = trial_six;
			sourceTree = "<group>";
		};
		0E0B51E31975C13900046C0D /* Supporting Files */ = {
			isa = PBXGroup;
			children = (
				0E0B51E41975C13900046C0D /* trial_six-Info.plist */,
				0E0B51E51975C13900046C0D /* InfoPlist.strings */,
				0E0B51E81975C13900046C0D /* main.m */,
				0E0B51EA1975C13900046C0D /* trial_six-Prefix.pch */,
			);
			name = "Supporting Files";
			sourceTree = "<group>";
		};
		0E0B51FB1975C13900046C0D /* trial_sixTests */ = {
			isa = PBXGroup;
			children = (
				0E0B52011975C13900046C0D /* trial_sixTests.m */,
				0E0B51FC1975C13900046C0D /* Supporting Files */,
			);
			path = trial_sixTests;
			sourceTree = "<group>";
		};
		0E0B51FC1975C13900046C0D /* Supporting Files */ = {
			isa = PBXGroup;
			children = (
				0E0B51FD1975C13900046C0D /* trial_sixTests-Info.plist */,
				0E0B51FE1975C13900046C0D /* InfoPlist.strings */,
			);
			name = "Supporting Files";
			sourceTree = "<group>";
		};
/* End PBXGroup section */

/* Begin PBXNativeTarget section */
		0E0B51D81975C13900046C0D /* trial_six */ = {
			isa = PBXNativeTarget;
			buildConfigurationList = 0E0B52051975C13900046C0D /* Build configuration list for PBXNativeTarget "trial_six" */;
			buildPhases = (
				0E0B51D51975C13900046C0D /* Sources */,
				0E0B51D61975C13900046C0D /* Frameworks */,
				0E0B51D71975C13900046C0D /* Resources */,
			);
			buildRules = (
			);
			dependencies = (
			);
			name = trial_six;
			productName = trial_six;
			productReference = 0E0B51D91975C13900046C0D /* trial_six.app */;
			productType = "com.apple.product-type.application";
		};
		0E0B51F31975C13900046C0D /* trial_sixTests */ = {
			isa = PBXNativeTarget;
			buildConfigurationList = 0E0B52081975C13900046C0D /* Build configuration list for PBXNativeTarget "trial_sixTests" */;
			buildPhases = (
				0E0B51F01975C13900046C0D /* Sources */,
				0E0B51F11975C13900046C0D /* Frameworks */,
				0E0B51F21975C13900046C0D /* Resources */,
			);
			buildRules = (
			);
			dependencies = (
				0E0B51FA1975C13900046C0D /* PBXTargetDependency */,
			);
			name = trial_sixTests;
			productName = trial_sixTests;
			productReference = 0E0B51F41975C13900046C0D /* trial_sixTests.xctest */;
			productType = "com.apple.product-type.bundle.unit-test";
		};
/* End PBXNativeTarget section */

/* Begin PBXProject section */
		0E0B51D11975C13900046C0D /* Project object */ = {
			isa = PBXProject;
			attributes = {
				CLASSPREFIX = trial_six;
				LastUpgradeCheck = 0510;
				ORGANIZATIONNAME = "___FULLUSERNAME___";
				TargetAttributes = {
					0E0B51F31975C13900046C0D = {
						TestTargetID = 0E0B51D81975C13900046C0D;
					};
				};
			};
			buildConfigurationList = 0E0B51D41975C13900046C0D /* Build configuration list for PBXProject "trial_six" */;
			compatibilityVersion = "Xcode 3.2";
			developmentRegion = English;
			hasScannedForEncodings = 0;
			knownRegions = (
				en,
			);
			mainGroup = 0E0B51D01975C13900046C0D;
			productRefGroup = 0E0B51DA1975C13900046C0D /* Products */;
			projectDirPath = "";
			projectRoot = "";
			targets = (
				0E0B51D81975C13900046C0D /* trial_six */,
				0E0B51F31975C13900046C0D /* trial_sixTests */,
			);
		};
/* End PBXProject section */

/* Begin PBXResourcesBuildPhase section */
		0E0B51D71975C13900046C0D /* Resources */ = {
			isa = PBXResourcesBuildPhase;
			buildActionMask = 2147483647;
			files = (
				0E0B51E71975C13900046C0D /* InfoPlist.strings in Resources */,
				0E0B51EF1975C13900046C0D /* Images.xcassets in Resources */,
			);
			runOnlyForDeploymentPostprocessing = 0;
		};
		0E0B51F21975C13900046C0D /* Resources */ = {
			isa = PBXResourcesBuildPhase;
			buildActionMask = 2147483647;
			files = (
				0E0B52001975C13900046C0D /* InfoPlist.strings in Resources */,
			);
			runOnlyForDeploymentPostprocessing = 0;
		};
/* End PBXResourcesBuildPhase section */

/* Begin PBXSourcesBuildPhase section */
		0E0B51D51975C13900046C0D /* Sources */ = {
			isa = PBXSourcesBuildPhase;
			buildActionMask = 2147483647;
			files = (
				0E0B51ED1975C13900046C0D /* trial_sixAppDelegate.m in Sources */,
				0E0B51E91975C13900046C0D /* main.m in Sources */,
			);
			runOnlyForDeploymentPostprocessing = 0;
		};
		0E0B51F01975C13900046C0D /* Sources */ = {
			isa = PBXSourcesBuildPhase;
			buildActionMask = 2147483647;
			files = (
				0E0B52021975C13900046C0D /* trial_sixTests.m in Sources */,
			);
			runOnlyForDeploymentPostprocessing = 0;
		};
/* End PBXSourcesBuildPhase section */

/* Begin PBXTargetDependency section */
		0E0B51FA1975C13900046C0D /* PBXTargetDependency */ = {
			isa = PBXTargetDependency;
			target = 0E0B51D81975C13900046C0D /* trial_six */;
			targetProxy = 0E0B51F91975C13900046C0D /* PBXContainerItemProxy */;
		};
/* End PBXTargetDependency section */

/* Begin PBXVariantGroup section */
		0E0B51E51975C13900046C0D /* InfoPlist.strings */ = {
			isa = PBXVariantGroup;
			children = (
				0E0B51E61975C13900046C0D /* en */,
			);
			name = InfoPlist.strings;
			sourceTree = "<group>";
		};
		0E0B51FE1975C13900046C0D /* InfoPlist.strings */ = {
			isa = PBXVariantGroup;
			children = (
				0E0B51FF1975C13900046C0D /* en */,
			);
			name = InfoPlist.strings;
			sourceTree = "<group>";
		};
/* End PBXVariantGroup section */

/* Begin XCBuildConfiguration section */
		0E0B52031975C13900046C0D /* Debug */ = {
			isa = XCBuildConfiguration;
			buildSettings = {
				ALWAYS_SEARCH_USER_PATHS = NO;
				CLANG_CXX_LANGUAGE_STANDARD = "gnu++0x";
				CLANG_CXX_LIBRARY = "libc++";
				CLANG_ENABLE_MODULES = YES;
				CLANG_ENABLE_OBJC_ARC = YES;
				CLANG_WARN_BOOL_CONVERSION = YES;
				CLANG_WARN_CONSTANT_CONVERSION = YES;
				CLANG_WARN_DIRECT_OBJC_ISA_USAGE = YES_ERROR;
				CLANG_WARN_EMPTY_BODY = YES;
				CLANG_WARN_ENUM_CONVERSION = YES;
				CLANG_WARN_INT_CONVERSION = YES;
				CLANG_WARN_OBJC_ROOT_CLASS = YES_ERROR;
				CLANG_WARN__DUPLICATE_METHOD_MATCH = YES;
				"CODE_SIGN_IDENTITY[sdk=iphoneos*]" = "iPhone Developer";
				COPY_PHASE_STRIP = NO;
				GCC_C_LANGUAGE_STANDARD = gnu99;
				GCC_DYNAMIC_NO_PIC = NO;
				GCC_OPTIMIZATION_LEVEL = 0;
				GCC_PREPROCESSOR_DEFINITIONS = (
					"DEBUG=1",
					"$(inherited)",
				);
				GCC_SYMBOLS_PRIVATE_EXTERN = NO;
				GCC_WARN_64_TO_32_BIT_CONVERSION = YES;
				GCC_WARN_ABOUT_RETURN_TYPE = YES_ERROR;
				GCC_WARN_UNDECLARED_SELECTOR = YES;
				GCC_WARN_UNINITIALIZED_AUTOS = YES_AGGRESSIVE;
				GCC_WARN_UNUSED_FUNCTION = YES;
				GCC_WARN_UNUSED_VARIABLE = YES;
				IPHONEOS_DEPLOYMENT_TARGET = 7.1;
				ONLY_ACTIVE_ARCH = YES;
				SDKROOT = iphoneos;
			};
			name = Debug;
		};
		0E0B52041975C13900046C0D /* Release */ = {
			isa = XCBuildConfiguration;
			buildSettings = {
				ALWAYS_SEARCH_USER_PATHS = NO;
				CLANG_CXX_LANGUAGE_STANDARD = "gnu++0x";
				CLANG_CXX_LIBRARY = "libc++";
				CLANG_ENABLE_MODULES = YES;
				CLANG_ENABLE_OBJC_ARC = YES;
				CLANG_WARN_BOOL_CONVERSION = YES;
				CLANG_WARN_CONSTANT_CONVERSION = YES;
				CLANG_WARN_DIRECT_OBJC_ISA_USAGE = YES_ERROR;
				CLANG_WARN_EMPTY_BODY = YES;
				CLANG_WARN_ENUM_CONVERSION = YES;
				CLANG_WARN_INT_CONVERSION = YES;
				CLANG_WARN_OBJC_ROOT_CLASS = YES_ERROR;
				CLANG_WARN__DUPLICATE_METHOD_MATCH = YES;
				"CODE_SIGN_IDENTITY[sdk=iphoneos*]" = "iPhone Developer";
				COPY_PHASE_STRIP = YES;
				ENABLE_NS_ASSERTIONS = NO;
				GCC_C_LANGUAGE_STANDARD = gnu99;
				GCC_WARN_64_TO_32_BIT_CONVERSION = YES;
				GCC_WARN_ABOUT_RETURN_TYPE = YES_ERROR;
				GCC_WARN_UNDECLARED_SELECTOR = YES;
				GCC_WARN_UNINITIALIZED_AUTOS = YES_AGGRESSIVE;
				GCC_WARN_UNUSED_FUNCTION = YES;
				GCC_WARN_UNUSED_VARIABLE = YES;
				IPHONEOS_DEPLOYMENT_TARGET = 7.1;
				SDKROOT = iphoneos;
				VALIDATE_PRODUCT = YES;
			};
			name = Release;
		};
		0E0B52061975C13900046C0D /* Debug */ = {
			isa = XCBuildConfiguration;
			buildSettings = {
				ASSETCATALOG_COMPILER_APPICON_NAME = AppIcon;
				ASSETCATALOG_COMPILER_LAUNCHIMAGE_NAME = LaunchImage;
				GCC_PRECOMPILE_PREFIX_HEADER = YES;
				GCC_PREFIX_HEADER = "trial_six/trial_six-Prefix.pch";
				INFOPLIST_FILE = "trial_six/trial_six-Info.plist";
				PRODUCT_NAME = "$(TARGET_NAME)";
				WRAPPER_EXTENSION = app;
			};
			name = Debug;
		};
		0E0B52071975C13900046C0D /* Release */ = {
			isa = XCBuildConfiguration;
			buildSettings = {
				ASSETCATALOG_COMPILER_APPICON_NAME = AppIcon;
				ASSETCATALOG_COMPILER_LAUNCHIMAGE_NAME = LaunchImage;
				GCC_PRECOMPILE_PREFIX_HEADER = YES;
				GCC_PREFIX_HEADER = "trial_six/trial_six-Prefix.pch";
				INFOPLIST_FILE = "trial_six/trial_six-Info.plist";
				PRODUCT_NAME = "$(TARGET_NAME)";
				WRAPPER_EXTENSION = app;
			};
			name = Release;
		};
		0E0B52091975C13900046C0D /* Debug */ = {
			isa = XCBuildConfiguration;
			buildSettings = {
				BUNDLE_LOADER = "$(BUILT_PRODUCTS_DIR)/trial_six.app/trial_six";
				FRAMEWORK_SEARCH_PATHS = (
					"$(SDKROOT)/Developer/Library/Frameworks",
					"$(inherited)",
					"$(DEVELOPER_FRAMEWORKS_DIR)",
				);
				GCC_PRECOMPILE_PREFIX_HEADER = YES;
				GCC_PREFIX_HEADER = "trial_six/trial_six-Prefix.pch";
				GCC_PREPROCESSOR_DEFINITIONS = (
					"DEBUG=1",
					"$(inherited)",
				);
				INFOPLIST_FILE = "trial_sixTests/trial_sixTests-Info.plist";
				PRODUCT_NAME = "$(TARGET_NAME)";
				TEST_HOST = "$(BUNDLE_LOADER)";
				WRAPPER_EXTENSION = xctest;
			};
			name = Debug;
		};
		0E0B520A1975C13900046C0D /* Release */ = {
			isa = XCBuildConfiguration;
			buildSettings = {
				BUNDLE_LOADER = "$(BUILT_PRODUCTS_DIR)/trial_six.app/trial_six";
				FRAMEWORK_SEARCH_PATHS = (
					"$(SDKROOT)/Developer/Library/Frameworks",
					"$(inherited)",
					"$(DEVELOPER_FRAMEWORKS_DIR)",
				);
				GCC_PRECOMPILE_PREFIX_HEADER = YES;
				GCC_PREFIX_HEADER = "trial_six/trial_six-Prefix.pch";
				INFOPLIST_FILE = "trial_sixTests/trial_sixTests-Info.plist";
				PRODUCT_NAME = "$(TARGET_NAME)";
				TEST_HOST = "$(BUNDLE_LOADER)";
				WRAPPER_EXTENSION = xctest;
			};
			name = Release;
		};
/* End XCBuildConfiguration section */

/* Begin XCConfigurationList section */
		0E0B51D41975C13900046C0D /* Build configuration list for PBXProject "trial_six" */ = {
			isa = XCConfigurationList;
			buildConfigurations = (
				0E0B52031975C13900046C0D /* Debug */,
				0E0B52041975C13900046C0D /* Release */,
			);
			defaultConfigurationIsVisible = 0;
			defaultConfigurationName = Release;
		};
		0E0B52051975C13900046C0D /* Build configuration list for PBXNativeTarget "trial_six" */ = {
			isa = XCConfigurationList;
			buildConfigurations = (
				0E0B52061975C13900046C0D /* Debug */,
				0E0B52071975C13900046C0D /* Release */,
			);
			defaultConfigurationIsVisible = 0;
		};
		0E0B52081975C13900046C0D /* Build configuration list for PBXNativeTarget "trial_sixTests" */ = {
			isa = XCConfigurationList;
			buildConfigurations = (
				0E0B52091975C13900046C0D /* Debug */,
				0E0B520A1975C13900046C0D /* Release */,
			);
			defaultConfigurationIsVisible = 0;
		};
/* End XCConfigurationList section */
	};
	rootObject = 0E0B51D11975C13900046C0D /* Project object */;
}
